
Microsoft Visual Studio Solution File, Format Version 12.00
# Visual Studio Version 17
VisualStudioVersion = 17.9.34728.123
MinimumVisualStudioVersion = 10.0.40219.1
Project("{9A19103F-16F7-4668-BE54-9A1E7A4F7556}") = "IdentifiableObject", "IdentifiableObject\IdentifiableObject.csproj", "{B2389546-66FD-48EC-BE2F-4E22849EF1EF}"
EndProject
Project("{FAE04EC0-301F-11D3-BF4B-00C04F79EFBC}") = "TestIdentifiableObject", "TestIdentifiableObject\TestIdentifiableObject.csproj", "{FA09DA2F-53B0-4E7F-9DEA-0D139CF51EB7}"
EndProject
Global
	GlobalSection(SolutionConfigurationPlatforms) = preSolution
		Debug|Any CPU = Debug|Any CPU
		Release|Any CPU = Release|Any CPU
	EndGlobalSection
	GlobalSection(ProjectConfigurationPlatforms) = postSolution
		{B2389546-66FD-48EC-BE2F-4E22849EF1EF}.Debug|Any CPU.ActiveCfg = Debug|Any CPU
		{B2389546-66FD-48EC-BE2F-4E22849EF1EF}.Debug|Any CPU.Build.0 = Debug|Any CPU
		{B2389546-66FD-48EC-BE2F-4E22849EF1EF}.Release|Any CPU.ActiveCfg = Release|Any CPU
		{B2389546-66FD-48EC-BE2F-4E22849EF1EF}.Release|Any CPU.Build.0 = Release|Any CPU
		{FA09DA2F-53B0-4E7F-9DEA-0D139CF51EB7}.Debug|Any CPU.ActiveCfg = Debug|Any CPU
		{FA09DA2F-53B0-4E7F-9DEA-0D139CF51EB7}.Debug|Any CPU.Build.0 = Debug|Any CPU
		{FA09DA2F-53B0-4E7F-9DEA-0D139CF51EB7}.Release|Any CPU.ActiveCfg = Release|Any CPU
		{FA09DA2F-53B0-4E7F-9DEA-0D139CF51EB7}.Release|Any CPU.Build.0 = Release|Any CPU
	EndGlobalSection
	GlobalSection(SolutionProperties) = preSolution
		HideSolutionNode = FALSE
	EndGlobalSection
	GlobalSection(ExtensibilityGlobals) = postSolution
		SolutionGuid = {601C075F-3608-473F-968D-0B986F0F72A9}
	EndGlobalSection
EndGlobal
